# THIS IS AN AUTOGENERATED FILE. DO NOT EDIT THIS FILE DIRECTLY.
# yarn lockfile v1


buffers@^0.1.1:
  version "0.1.1"
  resolved "https://registry.yarnpkg.com/buffers/-/buffers-0.1.1.tgz#b24579c3bed4d6d396aeee6d9a8ae7f5482ab7bb"

node-osascript@^2.0.0:
  version "2.0.0"
  resolved "https://registry.yarnpkg.com/node-osascript/-/node-osascript-2.0.0.tgz#26e22bfd067d6e74d154570d9857efc6020080c9"
  dependencies:
    buffers "^0.1.1"
